PODS:
  - fl_location (0.0.1):
    - Flutter
  - Flutter (1.0.0)

DEPENDENCIES:
  - fl_location (from `.symlinks/plugins/fl_location/ios`)
  - Flutter (from `Flutter`)

EXTERNAL SOURCES:
  fl_location:
    :path: ".symlinks/plugins/fl_location/ios"
  Flutter:
    :path: Flutter

SPEC CHECKSUMS:
  fl_location: 68b4a6c4aad2a453493ff66f196e0748280cf43e
  Flutter: e0871f40cf51350855a761d2e70bf5af5b9b5de7

PODFILE CHECKSUM: c4c93c5f6502fe2754f48404d3594bf779584011

COCOAPODS: 1.15.2
